lockfileVersion: 5.3

specifiers:
  katex: 0.13.11

dependencies:
  katex: 0.13.11

packages:

  /commander/6.2.1:
    resolution: {integrity: sha512-U7VdrJFnJgo4xjrHpTzu0yrHPGImdsmD95ZlgYSEajAn2JKzDhDTPG9kBTefmObL2w/ngeZnilk+OV9CG3d7UA==}
    engines: {node: '>= 6'}
    dev: false

  /katex/0.13.11:
    resolution: {integrity: sha512-yJBHVIgwlAaapzlbvTpVF/ZOs8UkTj/sd46Fl8+qAf2/UiituPYVeapVD8ADZtqyRg/qNWUKt7gJoyYVWLrcXw==}
    hasBin: true
    dependencies:
      commander: 6.2.1
    dev: false
